{
 "graph_lock": {
  "nodes": {
   "0": {
    "options": "brotli:fPIC=True\nbrotli:shared=False\nbzip2:build_executable=True\nbzip2:fPIC=True\nbzip2:shared=False\nflac:fPIC=True\nflac:shared=False\nfreetype:fPIC=True\nfreetype:shared=False\nfreetype:with_brotli=True\nfreetype:with_bzip2=True\nfreetype:with_png=True\nfreetype:with_zlib=True\nlibalsa:disable_python=True\nlibalsa:fPIC=True\nlibalsa:shared=False\nlibpng:api_prefix=\nlibpng:fPIC=True\nlibpng:shared=False\nlibpng:sse=True\nogg:fPIC=True\nogg:shared=False\nopenal:fPIC=True\nopenal:shared=False\nsfml:audio=True\nsfml:fPIC=True\nsfml:graphics=True\nsfml:network=True\nsfml:shared=False\nsfml:window=True\nstb:with_deprecated=True\nvorbis:fPIC=True\nvorbis:shared=False\nzlib:fPIC=True\nzlib:minizip=deprecated\nzlib:shared=False",
    "requires": [
     "1"
    ],
    "path": "../conanfile.txt",
    "context": "host"
   },
   "1": {
    "ref": "sfml/2.5.1",
    "options": "audio=True\nfPIC=True\ngraphics=True\nnetwork=True\nshared=False\nwindow=True\nbrotli:fPIC=True\nbrotli:shared=False\nbzip2:build_executable=True\nbzip2:fPIC=True\nbzip2:shared=False\nflac:fPIC=True\nflac:shared=False\nfreetype:fPIC=True\nfreetype:shared=False\nfreetype:with_brotli=True\nfreetype:with_bzip2=True\nfreetype:with_png=True\nfreetype:with_zlib=True\nlibalsa:disable_python=True\nlibalsa:fPIC=True\nlibalsa:shared=False\nlibpng:api_prefix=\nlibpng:fPIC=True\nlibpng:shared=False\nlibpng:sse=True\nogg:fPIC=True\nogg:shared=False\nopenal:fPIC=True\nopenal:shared=False\nstb:with_deprecated=True\nvorbis:fPIC=True\nvorbis:shared=False\nzlib:fPIC=True\nzlib:minizip=deprecated\nzlib:shared=False",
    "package_id": "6687cc349f770402c04fae2e7b0ccafc7fe6d39a",
    "prev": "0",
    "requires": [
     "2",
     "3",
     "4",
     "5",
     "10",
     "11",
     "13",
     "15"
    ],
    "context": "host"
   },
   "2": {
    "ref": "opengl/system",
    "options": "",
    "package_id": "5ab84d6acfe1f23c4fae0ab88f26e3a396351ac9",
    "prev": "0",
    "context": "host"
   },
   "3": {
    "ref": "libudev/system",
    "options": "",
    "package_id": "5ab84d6acfe1f23c4fae0ab88f26e3a396351ac9",
    "prev": "0",
    "context": "host"
   },
   "4": {
    "ref": "xorg/system",
    "options": "",
    "package_id": "5ab84d6acfe1f23c4fae0ab88f26e3a396351ac9",
    "prev": "0",
    "context": "host"
   },
   "5": {
    "ref": "freetype/2.11.0",
    "options": "fPIC=True\nshared=False\nwith_brotli=True\nwith_bzip2=True\nwith_png=True\nwith_zlib=True\nbrotli:fPIC=True\nbrotli:shared=False\nbzip2:build_executable=True\nbzip2:fPIC=True\nbzip2:shared=False\nlibpng:api_prefix=\nlibpng:fPIC=True\nlibpng:shared=False\nlibpng:sse=True\nzlib:fPIC=True\nzlib:minizip=deprecated\nzlib:shared=False",
    "package_id": "f1014dc4f9380132c471ceb778980949abf136d3",
    "prev": "0",
    "requires": [
     "6",
     "7",
     "8",
     "9"
    ],
    "context": "host"
   },
   "6": {
    "ref": "libpng/1.6.37",
    "options": "api_prefix=\nfPIC=True\nshared=False\nsse=True\nzlib:fPIC=True\nzlib:minizip=deprecated\nzlib:shared=False",
    "package_id": "7929d8ecf29c60d74fd3c1f6cb78bbb3cb49c0c7",
    "prev": "0",
    "requires": [
     "7"
    ],
    "context": "host"
   },
   "7": {
    "ref": "zlib/1.2.11",
    "options": "fPIC=True\nminizip=deprecated\nshared=False",
    "package_id": "6af9cc7cb931c5ad942174fd7838eb655717c709",
    "prev": "0",
    "context": "host"
   },
   "8": {
    "ref": "bzip2/1.0.8",
    "options": "build_executable=True\nfPIC=True\nshared=False",
    "package_id": "da606cf731e334010b0bf6e85a2a6f891b9f36b0",
    "prev": "0",
    "context": "host"
   },
   "9": {
    "ref": "brotli/1.0.9",
    "options": "fPIC=True\nshared=False",
    "package_id": "6af9cc7cb931c5ad942174fd7838eb655717c709",
    "prev": "0",
    "context": "host"
   },
   "10": {
    "ref": "stb/cci.20210713",
    "options": "with_deprecated=True",
    "package_id": "5ab84d6acfe1f23c4fae0ab88f26e3a396351ac9",
    "prev": "0",
    "context": "host"
   },
   "11": {
    "ref": "flac/1.3.3",
    "options": "fPIC=True\nshared=False\nogg:fPIC=True\nogg:shared=False",
    "package_id": "92d53e10e30ab5afff9a603e1463b9efd0faf26f",
    "prev": "0",
    "requires": [
     "12"
    ],
    "context": "host"
   },
   "12": {
    "ref": "ogg/1.3.4",
    "options": "fPIC=True\nshared=False",
    "package_id": "6af9cc7cb931c5ad942174fd7838eb655717c709",
    "prev": "0",
    "context": "host"
   },
   "13": {
    "ref": "openal/1.21.1",
    "options": "fPIC=True\nshared=False\nlibalsa:disable_python=True\nlibalsa:fPIC=True\nlibalsa:shared=False",
    "package_id": "f7bbaf797b9ae6f628e0ba14d791946ea73af3f8",
    "prev": "0",
    "requires": [
     "14"
    ],
    "context": "host"
   },
   "14": {
    "ref": "libalsa/1.2.4",
    "options": "disable_python=True\nfPIC=True\nshared=False",
    "package_id": "d48130e0dd76369b1338deb3b2372c5a649f9f2d",
    "prev": "0",
    "context": "host"
   },
   "15": {
    "ref": "vorbis/1.3.7",
    "options": "fPIC=True\nshared=False\nogg:fPIC=True\nogg:shared=False",
    "package_id": "033a9a186751ed382a6fa5fa2c844ad34b7c3302",
    "prev": "0",
    "requires": [
     "12"
    ],
    "context": "host"
   }
  },
  "revisions_enabled": false
 },
 "version": "0.4",
 "profile_host": "[settings]\narch=x86_64\narch_build=x86_64\nbuild_type=Release\ncompiler=gcc\ncompiler.libcxx=libstdc++\ncompiler.version=9\nos=Linux\nos_build=Linux\n[options]\n[build_requires]\n[env]\n"
}